Microsoft Visual Studio Solution File, Format Version 12.00
# Visual Studio Version 17
VisualStudioVersion = 17.5.2.0
MinimumVisualStudioVersion = 10.0.40219.1
Project("{FAE04EC0-301F-11D3-BF4B-00C04F79EFBC}") = "WordsBackend", "WordsBackend.csproj", "{E0DA3366-98AC-A34A-CB98-02E5172996BF}"
EndProject
Global
	GlobalSection(SolutionConfigurationPlatforms) = preSolution
		Debug|Any CPU = Debug|Any CPU
		Release|Any CPU = Release|Any CPU
	EndGlobalSection
	GlobalSection(ProjectConfigurationPlatforms) = postSolution
		{E0DA3366-98AC-A34A-CB98-02E5172996BF}.Debug|Any CPU.ActiveCfg = Debug|Any CPU
		{E0DA3366-98AC-A34A-CB98-02E5172996BF}.Debug|Any CPU.Build.0 = Debug|Any CPU
		{E0DA3366-98AC-A34A-CB98-02E5172996BF}.Release|Any CPU.ActiveCfg = Release|Any CPU
		{E0DA3366-98AC-A34A-CB98-02E5172996BF}.Release|Any CPU.Build.0 = Release|Any CPU
	EndGlobalSection
	GlobalSection(SolutionProperties) = preSolution
		HideSolutionNode = FALSE
	EndGlobalSection
	GlobalSection(ExtensibilityGlobals) = postSolution
		SolutionGuid = {F28CF5A8-140E-4891-9CD1-1CDEA64CE2B1}
	EndGlobalSection
EndGlobal
